{"version":4,"terraform_version":"1.11.4","serial":4,"lineage":"9f26c211-5d78-def6-0d26-92306f524113","outputs":{},"resources":[{"mode":"managed","type":"github_branch_protection","name":"main","provider":"provider[\"registry.opentofu.org/integrations/github\"]","instances":[{"schema_version":2,"attributes":{"allows_deletions":false,"allows_force_pushes":false,"enforce_admins":false,"force_push_bypassers":null,"id":"BPR_kwDORIX8as4EUXlk","lock_branch":false,"pattern":"main","repository_id":"system","require_conversation_resolution":false,"require_signed_commits":false,"required_linear_history":true,"required_pull_request_reviews":[],"required_status_checks":[{"contexts":["ci/formatted","ci/smoke"],"strict":true}],"restrict_pushes":[]},"sensitive_attributes":[],"private":"eyJzY2hlbWFfdmVyc2lvbiI6IjIifQ==","dependencies":["github_repository.primary_repository"]}]},{"mode":"managed","type":"github_repository","name":"primary_repository","provider":"provider[\"registry.opentofu.org/integrations/github\"]","instances":[{"schema_version":1,"attributes":{"allow_auto_merge":false,"allow_forking":true,"allow_merge_commit":true,"allow_rebase_merge":true,"allow_squash_merge":true,"allow_update_branch":false,"archive_on_destroy":null,"archived":false,"auto_init":false,"default_branch":"main","delete_branch_on_merge":false,"description":"Personal systems configuration","etag":"W/\"92ce933755b6c9039b388c42aa7bb972d6d251928fe0b9c53c7ec6b4b8a2299e\"","fork":"false","full_name":"zabronax/system","git_clone_url":"git://github.com/zabronax/system.git","gitignore_template":null,"has_discussions":false,"has_downloads":false,"has_issues":false,"has_projects":false,"has_wiki":false,"homepage_url":"https://github.com/zabronax/system","html_url":"https://github.com/zabronax/system","http_clone_url":"https://github.com/zabronax/system.git","id":"system","ignore_vulnerability_alerts_during_read":null,"is_template":false,"license_template":null,"merge_commit_message":"PR_TITLE","merge_commit_title":"MERGE_MESSAGE","name":"system","node_id":"R_kgDORIX8ag","pages":[],"primary_language":"Nix","private":false,"repo_id":1149631594,"security_and_analysis":[{"advanced_security":[],"code_security":[],"secret_scanning":[{"status":"disabled"}],"secret_scanning_ai_detection":[],"secret_scanning_non_provider_patterns":[],"secret_scanning_push_protection":[{"status":"disabled"}]}],"source_owner":"","source_repo":"","squash_merge_commit_message":"COMMIT_MESSAGES","squash_merge_commit_title":"COMMIT_OR_PR_TITLE","ssh_clone_url":"git@github.com:zabronax/system.git","svn_url":"https://github.com/zabronax/system","template":[],"topics":["nix"],"visibility":"public","vulnerability_alerts":false,"web_commit_signoff_required":false},"sensitive_attributes":[],"private":"eyJzY2hlbWFfdmVyc2lvbiI6IjEifQ=="}]}],"check_results":null}
