{"version":4,"terraform_version":"1.11.4","serial":11,"lineage":"9f26c211-5d78-def6-0d26-92306f524113","outputs":{},"resources":[{"mode":"managed","type":"github_branch","name":"development","provider":"provider[\"registry.opentofu.org/integrations/github\"]","instances":[{"schema_version":0,"attributes":{"branch":"development","etag":"W/\"ba2ea459430714ac36965abe71b9ff80883ba983d6017be5beb629f8db571aa0\"","id":"system:development","ref":"refs/heads/development","repository":"system","sha":"128e810578451551482691b7f451e7d83fd4d1e5","source_branch":"main","source_sha":"fdd4cf9b4ed665fb58915f4af1dbc37df4299f0c"},"sensitive_attributes":[],"private":"bnVsbA==","dependencies":["github_repository.primary_repository"]}]},{"mode":"managed","type":"github_branch","name":"main","provider":"provider[\"registry.opentofu.org/integrations/github\"]","instances":[{"schema_version":0,"attributes":{"branch":"main","etag":"W/\"7bc0c9d6e930e7ee08290a72f2ec4598840480cdb9b61359a61f908de5765138\"","id":"system:main","ref":"refs/heads/main","repository":"system","sha":"745f3b1f947ea7f3f28cd823c5482720c86ddca4","source_branch":"main","source_sha":null},"sensitive_attributes":[],"private":"eyJzY2hlbWFfdmVyc2lvbiI6IjAifQ==","dependencies":["github_repository.primary_repository"]}]},{"mode":"managed","type":"github_branch_protection","name":"development","provider":"provider[\"registry.opentofu.org/integrations/github\"]","instances":[{"schema_version":2,"attributes":{"allows_deletions":false,"allows_force_pushes":true,"enforce_admins":false,"force_push_bypassers":[],"id":"BPR_kwDORIX8as4EUXqn","lock_branch":false,"pattern":"development","repository_id":"system","require_conversation_resolution":false,"require_signed_commits":false,"required_linear_history":true,"required_pull_request_reviews":[],"required_status_checks":[],"restrict_pushes":[]},"sensitive_attributes":[],"private":"eyJzY2hlbWFfdmVyc2lvbiI6IjIifQ==","dependencies":["github_branch.development","github_repository.primary_repository"]}]},{"mode":"managed","type":"github_branch_protection","name":"main","provider":"provider[\"registry.opentofu.org/integrations/github\"]","instances":[{"schema_version":2,"attributes":{"allows_deletions":false,"allows_force_pushes":false,"enforce_admins":false,"force_push_bypassers":[],"id":"BPR_kwDORIX8as4EUXlk","lock_branch":false,"pattern":"main","repository_id":"system","require_conversation_resolution":false,"require_signed_commits":false,"required_linear_history":true,"required_pull_request_reviews":[],"required_status_checks":[{"contexts":["ci/formatted","ci/smoke"],"strict":true}],"restrict_pushes":[]},"sensitive_attributes":[],"private":"eyJzY2hlbWFfdmVyc2lvbiI6IjIifQ==","dependencies":["github_branch.main","github_repository.primary_repository"]}]},{"mode":"managed","type":"github_issue_labels","name":"name","provider":"provider[\"registry.opentofu.org/integrations/github\"]","instances":[{"schema_version":0,"attributes":{"id":"system","label":[{"color":"0075ca","description":"Automatically merged by the CI workflow","name":"auto-merge","url":"https://api.github.com/repos/zabronax/system/labels/auto-merge"}],"repository":"system"},"sensitive_attributes":[],"private":"bnVsbA==","dependencies":["github_repository.primary_repository"]}]},{"mode":"managed","type":"github_repository","name":"primary_repository","provider":"provider[\"registry.opentofu.org/integrations/github\"]","instances":[{"schema_version":1,"attributes":{"allow_auto_merge":true,"allow_forking":true,"allow_merge_commit":true,"allow_rebase_merge":true,"allow_squash_merge":true,"allow_update_branch":false,"archive_on_destroy":null,"archived":false,"auto_init":false,"default_branch":"main","delete_branch_on_merge":false,"description":"Personal systems configuration","etag":"W/\"c1f77f8daba1ca02a27ce2f71e634baed01c983591717adb00bce7c87e621d90\"","fork":"false","full_name":"zabronax/system","git_clone_url":"git://github.com/zabronax/system.git","gitignore_template":null,"has_discussions":false,"has_downloads":false,"has_issues":false,"has_projects":false,"has_wiki":false,"homepage_url":"https://github.com/zabronax/system","html_url":"https://github.com/zabronax/system","http_clone_url":"https://github.com/zabronax/system.git","id":"system","ignore_vulnerability_alerts_during_read":null,"is_template":false,"license_template":null,"merge_commit_message":"PR_TITLE","merge_commit_title":"MERGE_MESSAGE","name":"system","node_id":"R_kgDORIX8ag","pages":[],"primary_language":"Nix","private":false,"repo_id":1149631594,"security_and_analysis":[{"advanced_security":[],"code_security":[],"secret_scanning":[{"status":"disabled"}],"secret_scanning_ai_detection":[],"secret_scanning_non_provider_patterns":[],"secret_scanning_push_protection":[{"status":"disabled"}]}],"source_owner":"","source_repo":"","squash_merge_commit_message":"COMMIT_MESSAGES","squash_merge_commit_title":"COMMIT_OR_PR_TITLE","ssh_clone_url":"git@github.com:zabronax/system.git","svn_url":"https://github.com/zabronax/system","template":[],"topics":["nix"],"visibility":"public","vulnerability_alerts":false,"web_commit_signoff_required":false},"sensitive_attributes":[],"private":"eyJzY2hlbWFfdmVyc2lvbiI6IjEifQ=="}]},{"mode":"managed","type":"github_workflow_repository_permissions","name":"auto_merge_policy","provider":"provider[\"registry.opentofu.org/integrations/github\"]","instances":[{"schema_version":0,"attributes":{"can_approve_pull_request_reviews":true,"default_workflow_permissions":"read","id":"system","repository":"system"},"sensitive_attributes":[],"private":"bnVsbA==","dependencies":["github_repository.primary_repository"]}]}],"check_results":null}
