{"version":4,"terraform_version":"1.11.4","serial":2,"lineage":"9f26c211-5d78-def6-0d26-92306f524113","outputs":{},"resources":[{"mode":"managed","type":"github_repository","name":"primary_repository","provider":"provider[\"registry.opentofu.org/integrations/github\"]","instances":[{"schema_version":1,"attributes":{"allow_auto_merge":false,"allow_forking":true,"allow_merge_commit":true,"allow_rebase_merge":true,"allow_squash_merge":true,"allow_update_branch":false,"archive_on_destroy":null,"archived":false,"auto_init":false,"default_branch":"main","delete_branch_on_merge":false,"description":"Personal systems configuration","etag":"W/\"d812cb767ae2e11376b34cc05f8cc33518699563ed2d559f35d1c53516f2a6dd\"","fork":"false","full_name":"zabronax/system","git_clone_url":"git://github.com/zabronax/system.git","gitignore_template":null,"has_discussions":false,"has_downloads":false,"has_issues":false,"has_projects":false,"has_wiki":false,"homepage_url":"https://github.com/zabronax/system","html_url":"https://github.com/zabronax/system","http_clone_url":"https://github.com/zabronax/system.git","id":"system","ignore_vulnerability_alerts_during_read":null,"is_template":false,"license_template":null,"merge_commit_message":"PR_TITLE","merge_commit_title":"MERGE_MESSAGE","name":"system","node_id":"R_kgDORIX8ag","pages":[],"primary_language":"Nix","private":true,"repo_id":1149631594,"security_and_analysis":[],"source_owner":"","source_repo":"","squash_merge_commit_message":"COMMIT_MESSAGES","squash_merge_commit_title":"COMMIT_OR_PR_TITLE","ssh_clone_url":"git@github.com:zabronax/system.git","svn_url":"https://github.com/zabronax/system","template":[],"topics":["nix"],"visibility":"private","vulnerability_alerts":false,"web_commit_signoff_required":false},"sensitive_attributes":[],"private":"eyJzY2hlbWFfdmVyc2lvbiI6IjEifQ=="}]}],"check_results":null}
